
Microsoft Visual Studio Solution File, Format Version 12.00
Project("{FAE04EC0-301F-11D3-BF4B-00C04F79EFBC}") = "StandartCollections", "StandartCollections\StandartCollections.csproj", "{A5BC8298-F5A2-4A16-91BD-3200D0DE4143}"
EndProject
Global
	GlobalSection(SolutionConfigurationPlatforms) = preSolution
		Debug|Any CPU = Debug|Any CPU
		Release|Any CPU = Release|Any CPU
	EndGlobalSection
	GlobalSection(ProjectConfigurationPlatforms) = postSolution
		{A5BC8298-F5A2-4A16-91BD-3200D0DE4143}.Debug|Any CPU.ActiveCfg = Debug|Any CPU
		{A5BC8298-F5A2-4A16-91BD-3200D0DE4143}.Debug|Any CPU.Build.0 = Debug|Any CPU
		{A5BC8298-F5A2-4A16-91BD-3200D0DE4143}.Release|Any CPU.ActiveCfg = Release|Any CPU
		{A5BC8298-F5A2-4A16-91BD-3200D0DE4143}.Release|Any CPU.Build.0 = Release|Any CPU
	EndGlobalSection
EndGlobal
